{
  "version": 4,
  "terraform_version": "0.14.3",
  "serial": 99,
  "lineage": "24deb8fe-2d60-6f3f-7b64-413a446f5461",
  "outputs": {
    "template_rendered": {
      "value": "#!/bin/bash\r\n\r\n# Esta son los variables de template: pruebas-tf\r\n\r\nsudo apt-get update -y\r\nsudo apt-get install apache2 -y\r\n\r\ninstance_id=$(curl -s 169.254.169.254/latest/meta-data/instance-id)\r\n\r\necho $instance_id |sudo tee /var/www/html/index.html",
      "type": "string"
    }
  },
  "resources": [
    {
      "mode": "data",
      "type": "aws_ami",
      "name": "ubuntu",
      "provider": "provider[\"registry.terraform.io/hashicorp/aws\"]",
      "instances": [
        {
          "schema_version": 0,
          "attributes": {
            "architecture": "x86_64",
            "arn": "arn:aws:ec2:us-east-2::image/ami-01e7ca2ef94a0ae86",
            "block_device_mappings": [
              {
                "device_name": "/dev/sda1",
                "ebs": {
                  "delete_on_termination": "true",
                  "encrypted": "false",
                  "iops": "0",
                  "snapshot_id": "snap-0f1492ba76f867da2",
                  "volume_size": "8",
                  "volume_type": "gp2"
                },
                "no_device": "",
                "virtual_name": ""
              },
              {
                "device_name": "/dev/sdb",
                "ebs": {},
                "no_device": "",
                "virtual_name": "ephemeral0"
              },
              {
                "device_name": "/dev/sdc",
                "ebs": {},
                "no_device": "",
                "virtual_name": "ephemeral1"
              }
            ],
            "creation_date": "2021-02-26T15:41:09.000Z",
            "description": "Canonical, Ubuntu, 18.04 LTS, amd64 bionic image build on 2021-02-24",
            "executable_users": null,
            "filter": [
              {
                "name": "name",
                "values": [
                  "ubuntu/images/hvm-ssd/ubuntu-bionic-18.04-amd64-server-*"
                ]
              },
              {
                "name": "virtualization-type",
                "values": [
                  "hvm"
                ]
              }
            ],
            "hypervisor": "xen",
            "id": "ami-01e7ca2ef94a0ae86",
            "image_id": "ami-01e7ca2ef94a0ae86",
            "image_location": "099720109477/ubuntu/images/hvm-ssd/ubuntu-bionic-18.04-amd64-server-20210224",
            "image_owner_alias": null,
            "image_type": "machine",
            "kernel_id": null,
            "most_recent": true,
            "name": "ubuntu/images/hvm-ssd/ubuntu-bionic-18.04-amd64-server-20210224",
            "name_regex": null,
            "owner_id": "099720109477",
            "owners": [
              "099720109477"
            ],
            "platform": null,
            "product_codes": [],
            "public": true,
            "ramdisk_id": null,
            "root_device_name": "/dev/sda1",
            "root_device_type": "ebs",
            "root_snapshot_id": "snap-0f1492ba76f867da2",
            "sriov_net_support": "simple",
            "state": "available",
            "state_reason": {
              "code": "UNSET",
              "message": "UNSET"
            },
            "tags": {},
            "virtualization_type": "hvm"
          },
          "sensitive_attributes": []
        }
      ]
    },
    {
      "mode": "data",
      "type": "aws_subnet_ids",
      "name": "selected",
      "provider": "provider[\"registry.terraform.io/hashicorp/aws\"]",
      "instances": [
        {
          "schema_version": 0,
          "attributes": {
            "filter": null,
            "id": "vpc-b3e006d8",
            "ids": [
              "subnet-5a212f32",
              "subnet-7b13bf37",
              "subnet-7ea1e504"
            ],
            "tags": null,
            "vpc_id": "vpc-b3e006d8"
          },
          "sensitive_attributes": []
        }
      ]
    },
    {
      "mode": "data",
      "type": "aws_vpc",
      "name": "selected",
      "provider": "provider[\"registry.terraform.io/hashicorp/aws\"]",
      "instances": [
        {
          "schema_version": 0,
          "attributes": {
            "arn": "arn:aws:ec2:us-east-2:042236406240:vpc/vpc-b3e006d8",
            "cidr_block": "172.31.0.0/16",
            "cidr_block_associations": [
              {
                "association_id": "vpc-cidr-assoc-7e27c715",
                "cidr_block": "172.31.0.0/16",
                "state": "associated"
              }
            ],
            "default": true,
            "dhcp_options_id": "dopt-447f872f",
            "enable_dns_hostnames": true,
            "enable_dns_support": true,
            "filter": null,
            "id": "vpc-b3e006d8",
            "instance_tenancy": "default",
            "ipv6_association_id": null,
            "ipv6_cidr_block": null,
            "main_route_table_id": "rtb-3e52fd55",
            "owner_id": "042236406240",
            "state": "available",
            "tags": {}
          },
          "sensitive_attributes": []
        }
      ]
    },
    {
      "mode": "data",
      "type": "template_file",
      "name": "init",
      "provider": "provider[\"registry.terraform.io/hashicorp/template\"]",
      "instances": [
        {
          "schema_version": 0,
          "attributes": {
            "filename": null,
            "id": "1de71dede2deef1efbea4b301461f24b5cf518a5dc05b804949d84f0213536ae",
            "rendered": "#!/bin/bash\r\n\r\n# Esta son los variables de template: pruebas-tf\r\n\r\nsudo apt-get update -y\r\nsudo apt-get install apache2 -y\r\n\r\ninstance_id=$(curl -s 169.254.169.254/latest/meta-data/instance-id)\r\n\r\necho $instance_id |sudo tee /var/www/html/index.html",
            "template": "#!/bin/bash\r\n\r\n# Esta son los variables de template: ${project_name}\r\n\r\nsudo apt-get update -y\r\nsudo apt-get install apache2 -y\r\n\r\ninstance_id=$(curl -s 169.254.169.254/latest/meta-data/instance-id)\r\n\r\necho $instance_id |sudo tee /var/www/html/index.html",
            "vars": {
              "project_name": "pruebas-tf"
            }
          },
          "sensitive_attributes": []
        }
      ]
    },
    {
      "mode": "managed",
      "type": "aws_autoscaling_group",
      "name": "web",
      "provider": "provider[\"registry.terraform.io/hashicorp/aws\"]",
      "instances": [
        {
          "schema_version": 0,
          "attributes": {
            "arn": "arn:aws:autoscaling:us-east-2:042236406240:autoScalingGroup:0de04ba7-08ed-43bd-a290-fab8d0ec2929:autoScalingGroupName/pruebas-tf-web",
            "availability_zones": [
              "us-east-2a",
              "us-east-2b",
              "us-east-2c"
            ],
            "capacity_rebalance": false,
            "default_cooldown": 300,
            "desired_capacity": 3,
            "enabled_metrics": null,
            "force_delete": false,
            "health_check_grace_period": 10,
            "health_check_type": "ELB",
            "id": "pruebas-tf-web",
            "initial_lifecycle_hook": [],
            "instance_refresh": [],
            "launch_configuration": "pruebas-tf-lc_20210314185737480200000001",
            "launch_template": [],
            "load_balancers": [
              "pruebas-tf-elb"
            ],
            "max_instance_lifetime": 0,
            "max_size": 3,
            "metrics_granularity": "1Minute",
            "min_elb_capacity": null,
            "min_size": 1,
            "mixed_instances_policy": [],
            "name": "pruebas-tf-web",
            "name_prefix": null,
            "placement_group": "",
            "protect_from_scale_in": false,
            "service_linked_role_arn": "arn:aws:iam::042236406240:role/aws-service-role/autoscaling.amazonaws.com/AWSServiceRoleForAutoScaling",
            "suspended_processes": null,
            "tag": [
              {
                "key": "Name",
                "propagate_at_launch": true,
                "value": "pruebas-tf-web-asg"
              }
            ],
            "tags": null,
            "target_group_arns": null,
            "termination_policies": null,
            "timeouts": null,
            "vpc_zone_identifier": [
              "subnet-5a212f32",
              "subnet-7b13bf37",
              "subnet-7ea1e504"
            ],
            "wait_for_capacity_timeout": "10m",
            "wait_for_elb_capacity": null
          },
          "sensitive_attributes": [],
          "private": "eyJlMmJmYjczMC1lY2FhLTExZTYtOGY4OC0zNDM2M2JjN2M0YzAiOnsiZGVsZXRlIjo2MDAwMDAwMDAwMDB9fQ==",
          "dependencies": [
            "aws_elb.web",
            "aws_key_pair.keypair",
            "aws_launch_configuration.web",
            "aws_security_group.allow_http_anywhere",
            "aws_security_group.allow_ssh_anywhere",
            "data.aws_ami.ubuntu",
            "data.aws_subnet_ids.selected",
            "data.aws_vpc.selected",
            "data.template_file.init"
          ]
        }
      ]
    },
    {
      "mode": "managed",
      "type": "aws_elb",
      "name": "web",
      "provider": "provider[\"registry.terraform.io/hashicorp/aws\"]",
      "instances": [
        {
          "schema_version": 0,
          "attributes": {
            "access_logs": [],
            "arn": "arn:aws:elasticloadbalancing:us-east-2:042236406240:loadbalancer/pruebas-tf-elb",
            "availability_zones": [
              "us-east-2a",
              "us-east-2b",
              "us-east-2c"
            ],
            "connection_draining": false,
            "connection_draining_timeout": 300,
            "cross_zone_load_balancing": true,
            "dns_name": "pruebas-tf-elb-1599593743.us-east-2.elb.amazonaws.com",
            "health_check": [
              {
                "healthy_threshold": 2,
                "interval": 10,
                "target": "HTTP:80/",
                "timeout": 2,
                "unhealthy_threshold": 3
              }
            ],
            "id": "pruebas-tf-elb",
            "idle_timeout": 60,
            "instances": [],
            "internal": false,
            "listener": [
              {
                "instance_port": 80,
                "instance_protocol": "http",
                "lb_port": 80,
                "lb_protocol": "http",
                "ssl_certificate_id": ""
              }
            ],
            "name": "pruebas-tf-elb",
            "name_prefix": null,
            "security_groups": [
              "sg-048c5dbe7d35e5c79"
            ],
            "source_security_group": "042236406240/pruebas-tf-allow_http_anywhere",
            "source_security_group_id": "sg-048c5dbe7d35e5c79",
            "subnets": [
              "subnet-5a212f32",
              "subnet-7b13bf37",
              "subnet-7ea1e504"
            ],
            "tags": {
              "Name": "pruebas-tf-web-elb"
            },
            "zone_id": "Z3AADJGX6KTTL2"
          },
          "sensitive_attributes": [],
          "private": "bnVsbA==",
          "dependencies": [
            "aws_security_group.allow_http_anywhere",
            "data.aws_subnet_ids.selected",
            "data.aws_vpc.selected"
          ]
        }
      ]
    },
    {
      "mode": "managed",
      "type": "aws_key_pair",
      "name": "keypair",
      "provider": "provider[\"registry.terraform.io/hashicorp/aws\"]",
      "instances": [
        {
          "schema_version": 1,
          "attributes": {
            "arn": "arn:aws:ec2:us-east-2:042236406240:key-pair/pruebas-tf-keypair",
            "fingerprint": "3c:10:f1:e6:3c:73:bb:90:b3:b7:3b:5f:11:ef:93:b9",
            "id": "pruebas-tf-keypair",
            "key_name": "pruebas-tf-keypair",
            "key_name_prefix": null,
            "key_pair_id": "key-0828f34d69c7cfb1f",
            "public_key": "ssh-rsa AAAAB3NzaC1yc2EAAAABJQAAAQEArLhLnVhH3sdzmLPLFO7Nhh6c3ySi6ayWihDfWFFz0vJcE+geSE3uj5tNV0yNI7JfiR0wb5MT5+UHLfLxy2fFiIZOymPy3EXZKDtoEk0gdWXEgUgYRwCcr1OsWTMsMWwRCAOA4gOUldPCGCtw79+Cb9hNC1UMTNsaiVIshNLRmkBytpnrU5LmjeQwH5fKPHBC6sszUjCg/33GdOSurpnE3/PGuVZw+gtq9SJWWnRh6HPSahLezk5yBdxXjY22jBnmV75uENZzKEPCWuN3wiF0KCx0ToBQiQMzran3g/vADgHUnFgXrku34WMvLTlFvV2DT5+sD8MMSzGup9QFp4C6Yw== rsa-key-20210102",
            "tags": null
          },
          "sensitive_attributes": [],
          "private": "eyJzY2hlbWFfdmVyc2lvbiI6IjEifQ==",
          "create_before_destroy": true
        }
      ]
    },
    {
      "mode": "managed",
      "type": "aws_launch_configuration",
      "name": "web",
      "provider": "provider[\"registry.terraform.io/hashicorp/aws\"]",
      "instances": [
        {
          "schema_version": 0,
          "attributes": {
            "arn": "arn:aws:autoscaling:us-east-2:042236406240:launchConfiguration:49507713-b30b-43ee-9c64-d22c0dd3e414:launchConfigurationName/pruebas-tf-lc_20210314185737480200000001",
            "associate_public_ip_address": false,
            "ebs_block_device": [],
            "ebs_optimized": false,
            "enable_monitoring": true,
            "ephemeral_block_device": [],
            "iam_instance_profile": "",
            "id": "pruebas-tf-lc_20210314185737480200000001",
            "image_id": "ami-01e7ca2ef94a0ae86",
            "instance_type": "t2.micro",
            "key_name": "pruebas-tf-keypair",
            "metadata_options": [],
            "name": "pruebas-tf-lc_20210314185737480200000001",
            "name_prefix": "pruebas-tf-lc_",
            "placement_tenancy": null,
            "root_block_device": [],
            "security_groups": [
              "sg-048c5dbe7d35e5c79",
              "sg-0a72705ba085ee883"
            ],
            "spot_price": "",
            "user_data": "a4cd6671fcf2fb5dea5c1ddb00a190aa69b1e6db",
            "user_data_base64": null,
            "vpc_classic_link_id": "",
            "vpc_classic_link_security_groups": null
          },
          "sensitive_attributes": [],
          "private": "bnVsbA==",
          "dependencies": [
            "aws_key_pair.keypair",
            "aws_security_group.allow_http_anywhere",
            "aws_security_group.allow_ssh_anywhere",
            "data.aws_ami.ubuntu",
            "data.aws_vpc.selected",
            "data.template_file.init"
          ],
          "create_before_destroy": true
        }
      ]
    },
    {
      "mode": "managed",
      "type": "aws_security_group",
      "name": "allow_http_anywhere",
      "provider": "provider[\"registry.terraform.io/hashicorp/aws\"]",
      "instances": [
        {
          "schema_version": 1,
          "attributes": {
            "arn": "arn:aws:ec2:us-east-2:042236406240:security-group/sg-048c5dbe7d35e5c79",
            "description": "Allow HTTP inbound traffic",
            "egress": [
              {
                "cidr_blocks": [
                  "0.0.0.0/0"
                ],
                "description": "",
                "from_port": 0,
                "ipv6_cidr_blocks": [],
                "prefix_list_ids": [],
                "protocol": "-1",
                "security_groups": [],
                "self": false,
                "to_port": 0
              }
            ],
            "id": "sg-048c5dbe7d35e5c79",
            "ingress": [
              {
                "cidr_blocks": [
                  "0.0.0.0/0"
                ],
                "description": "HTTP from VPC",
                "from_port": 80,
                "ipv6_cidr_blocks": [],
                "prefix_list_ids": [],
                "protocol": "tcp",
                "security_groups": [],
                "self": false,
                "to_port": 80
              }
            ],
            "name": "pruebas-tf-allow_http_anywhere",
            "name_prefix": "",
            "owner_id": "042236406240",
            "revoke_rules_on_delete": false,
            "tags": {
              "Name": "pruebas-tf-allow_http"
            },
            "timeouts": null,
            "vpc_id": "vpc-b3e006d8"
          },
          "sensitive_attributes": [],
          "private": "eyJlMmJmYjczMC1lY2FhLTExZTYtOGY4OC0zNDM2M2JjN2M0YzAiOnsiY3JlYXRlIjo2MDAwMDAwMDAwMDAsImRlbGV0ZSI6NjAwMDAwMDAwMDAwfSwic2NoZW1hX3ZlcnNpb24iOiIxIn0=",
          "dependencies": [
            "data.aws_vpc.selected"
          ],
          "create_before_destroy": true
        }
      ]
    },
    {
      "mode": "managed",
      "type": "aws_security_group",
      "name": "allow_ssh_anywhere",
      "provider": "provider[\"registry.terraform.io/hashicorp/aws\"]",
      "instances": [
        {
          "schema_version": 1,
          "attributes": {
            "arn": "arn:aws:ec2:us-east-2:042236406240:security-group/sg-0a72705ba085ee883",
            "description": "Allow SSH inbound traffic",
            "egress": [
              {
                "cidr_blocks": [
                  "0.0.0.0/0"
                ],
                "description": "",
                "from_port": 0,
                "ipv6_cidr_blocks": [],
                "prefix_list_ids": [],
                "protocol": "-1",
                "security_groups": [],
                "self": false,
                "to_port": 0
              }
            ],
            "id": "sg-0a72705ba085ee883",
            "ingress": [
              {
                "cidr_blocks": [
                  "0.0.0.0/0"
                ],
                "description": "SSH from VPC",
                "from_port": 22,
                "ipv6_cidr_blocks": [],
                "prefix_list_ids": [],
                "protocol": "tcp",
                "security_groups": [],
                "self": false,
                "to_port": 22
              }
            ],
            "name": "pruebas-tf-allow_ssh_anywhere",
            "name_prefix": "",
            "owner_id": "042236406240",
            "revoke_rules_on_delete": false,
            "tags": {
              "Name": "pruebas-tf-allow_ssh"
            },
            "timeouts": null,
            "vpc_id": "vpc-b3e006d8"
          },
          "sensitive_attributes": [],
          "private": "eyJlMmJmYjczMC1lY2FhLTExZTYtOGY4OC0zNDM2M2JjN2M0YzAiOnsiY3JlYXRlIjo2MDAwMDAwMDAwMDAsImRlbGV0ZSI6NjAwMDAwMDAwMDAwfSwic2NoZW1hX3ZlcnNpb24iOiIxIn0=",
          "dependencies": [
            "data.aws_vpc.selected"
          ],
          "create_before_destroy": true
        }
      ]
    }
  ]
}
