{
  "version": 4,
  "terraform_version": "0.14.3",
  "serial": 1174,
  "lineage": "1bbb86c7-7091-35e7-9be5-4904814cd256",
  "outputs": {
    "alb_frontend_id": {
      "value": "arn:aws:elasticloadbalancing:us-east-2:042236406240:loadbalancer/app/ALB-p003-threetier-frontend/6eb90d167d7eea7c",
      "type": "string"
    },
    "sg_private_http_id": {
      "value": "sg-0b3debecb6725aae0",
      "type": "string"
    },
    "sg_private_ssh_id": {
      "value": "sg-0e324aef0636215fd",
      "type": "string"
    },
    "sg_public_http_id": {
      "value": "sg-04d00be9dc87329ba",
      "type": "string"
    },
    "sg_public_ssh_id": {
      "value": "sg-05f3849bde4728c37",
      "type": "string"
    },
    "subnet_private_one_ids": {
      "value": "subnet-0f780596eae33dbfa",
      "type": "string"
    },
    "subnet_private_two_ids": {
      "value": "subnet-0f780596eae33dbfa",
      "type": "string"
    },
    "subnet_public_one_id": {
      "value": "subnet-02c9486336affd028",
      "type": "string"
    },
    "subnet_public_two_id": {
      "value": "subnet-05d1ebef75dfeed7f",
      "type": "string"
    },
    "vpc_id": {
      "value": "vpc-0243fd2107537ef89",
      "type": "string"
    }
  },
  "resources": [
    {
      "module": "module.alb",
      "mode": "managed",
      "type": "aws_lb",
      "name": "backend",
      "provider": "provider[\"registry.terraform.io/hashicorp/aws\"]",
      "instances": [
        {
          "schema_version": 0,
          "attributes": {
            "access_logs": [
              {
                "bucket": "",
                "enabled": false,
                "prefix": ""
              }
            ],
            "arn": "arn:aws:elasticloadbalancing:us-east-2:042236406240:loadbalancer/app/ALB-p003-threetier-backend/be4cf611d2cf2ebf",
            "arn_suffix": "app/ALB-p003-threetier-backend/be4cf611d2cf2ebf",
            "customer_owned_ipv4_pool": "",
            "dns_name": "internal-ALB-p003-threetier-backend-1374188829.us-east-2.elb.amazonaws.com",
            "drop_invalid_header_fields": false,
            "enable_cross_zone_load_balancing": null,
            "enable_deletion_protection": false,
            "enable_http2": true,
            "id": "arn:aws:elasticloadbalancing:us-east-2:042236406240:loadbalancer/app/ALB-p003-threetier-backend/be4cf611d2cf2ebf",
            "idle_timeout": 60,
            "internal": true,
            "ip_address_type": "ipv4",
            "load_balancer_type": "application",
            "name": "ALB-p003-threetier-backend",
            "name_prefix": null,
            "security_groups": [
              "sg-0b3debecb6725aae0"
            ],
            "subnet_mapping": [
              {
                "allocation_id": "",
                "ipv6_address": "",
                "outpost_id": "",
                "private_ipv4_address": "",
                "subnet_id": "subnet-084223ecc28fd60b7"
              },
              {
                "allocation_id": "",
                "ipv6_address": "",
                "outpost_id": "",
                "private_ipv4_address": "",
                "subnet_id": "subnet-0f780596eae33dbfa"
              }
            ],
            "subnets": [
              "subnet-084223ecc28fd60b7",
              "subnet-0f780596eae33dbfa"
            ],
            "tags": {
              "Name": "ALB-p003-threetier-testing-backend-alb"
            },
            "timeouts": null,
            "vpc_id": "vpc-0243fd2107537ef89",
            "zone_id": "Z3AADJGX6KTTL2"
          },
          "sensitive_attributes": [],
          "private": "eyJlMmJmYjczMC1lY2FhLTExZTYtOGY4OC0zNDM2M2JjN2M0YzAiOnsiY3JlYXRlIjo2MDAwMDAwMDAwMDAsImRlbGV0ZSI6NjAwMDAwMDAwMDAwLCJ1cGRhdGUiOjYwMDAwMDAwMDAwMH19",
          "dependencies": [
            "module.vpc.aws_security_group.private_http_anywhere",
            "module.vpc.aws_subnet.private_one",
            "module.vpc.aws_subnet.private_two",
            "module.vpc.aws_vpc.this",
            "module.vpc.aws_vpc_dhcp_options.dns_resolve",
            "module.vpc.aws_vpc_dhcp_options_association.dns_resolve"
          ]
        }
      ]
    },
    {
      "module": "module.alb",
      "mode": "managed",
      "type": "aws_lb",
      "name": "frontend",
      "provider": "provider[\"registry.terraform.io/hashicorp/aws\"]",
      "instances": [
        {
          "schema_version": 0,
          "attributes": {
            "access_logs": [
              {
                "bucket": "",
                "enabled": false,
                "prefix": ""
              }
            ],
            "arn": "arn:aws:elasticloadbalancing:us-east-2:042236406240:loadbalancer/app/ALB-p003-threetier-frontend/6eb90d167d7eea7c",
            "arn_suffix": "app/ALB-p003-threetier-frontend/6eb90d167d7eea7c",
            "customer_owned_ipv4_pool": "",
            "dns_name": "ALB-p003-threetier-frontend-239625570.us-east-2.elb.amazonaws.com",
            "drop_invalid_header_fields": false,
            "enable_cross_zone_load_balancing": null,
            "enable_deletion_protection": false,
            "enable_http2": true,
            "id": "arn:aws:elasticloadbalancing:us-east-2:042236406240:loadbalancer/app/ALB-p003-threetier-frontend/6eb90d167d7eea7c",
            "idle_timeout": 60,
            "internal": false,
            "ip_address_type": "ipv4",
            "load_balancer_type": "application",
            "name": "ALB-p003-threetier-frontend",
            "name_prefix": null,
            "security_groups": [
              "sg-04d00be9dc87329ba"
            ],
            "subnet_mapping": [
              {
                "allocation_id": "",
                "ipv6_address": "",
                "outpost_id": "",
                "private_ipv4_address": "",
                "subnet_id": "subnet-02c9486336affd028"
              },
              {
                "allocation_id": "",
                "ipv6_address": "",
                "outpost_id": "",
                "private_ipv4_address": "",
                "subnet_id": "subnet-05d1ebef75dfeed7f"
              }
            ],
            "subnets": [
              "subnet-02c9486336affd028",
              "subnet-05d1ebef75dfeed7f"
            ],
            "tags": {
              "Name": "ALB-p003-threetier-testing-frontend-alb"
            },
            "timeouts": null,
            "vpc_id": "vpc-0243fd2107537ef89",
            "zone_id": "Z3AADJGX6KTTL2"
          },
          "sensitive_attributes": [],
          "private": "eyJlMmJmYjczMC1lY2FhLTExZTYtOGY4OC0zNDM2M2JjN2M0YzAiOnsiY3JlYXRlIjo2MDAwMDAwMDAwMDAsImRlbGV0ZSI6NjAwMDAwMDAwMDAwLCJ1cGRhdGUiOjYwMDAwMDAwMDAwMH19",
          "dependencies": [
            "module.vpc.aws_security_group.public_http_anywhere",
            "module.vpc.aws_subnet.public_one",
            "module.vpc.aws_subnet.public_two",
            "module.vpc.aws_vpc.this",
            "module.vpc.aws_vpc_dhcp_options.dns_resolve",
            "module.vpc.aws_vpc_dhcp_options_association.dns_resolve"
          ]
        }
      ]
    },
    {
      "module": "module.alb",
      "mode": "managed",
      "type": "aws_lb_listener",
      "name": "back_end",
      "provider": "provider[\"registry.terraform.io/hashicorp/aws\"]",
      "instances": [
        {
          "schema_version": 0,
          "attributes": {
            "arn": "arn:aws:elasticloadbalancing:us-east-2:042236406240:listener/app/ALB-p003-threetier-backend/be4cf611d2cf2ebf/0cf9749eac303763",
            "certificate_arn": null,
            "default_action": [
              {
                "authenticate_cognito": [],
                "authenticate_oidc": [],
                "fixed_response": [],
                "forward": [],
                "order": 1,
                "redirect": [],
                "target_group_arn": "arn:aws:elasticloadbalancing:us-east-2:042236406240:targetgroup/ALB-p003-threetier-back-TG/66523635d28d079b",
                "type": "forward"
              }
            ],
            "id": "arn:aws:elasticloadbalancing:us-east-2:042236406240:listener/app/ALB-p003-threetier-backend/be4cf611d2cf2ebf/0cf9749eac303763",
            "load_balancer_arn": "arn:aws:elasticloadbalancing:us-east-2:042236406240:loadbalancer/app/ALB-p003-threetier-backend/be4cf611d2cf2ebf",
            "port": 80,
            "protocol": "HTTP",
            "ssl_policy": "",
            "timeouts": null
          },
          "sensitive_attributes": [],
          "private": "eyJlMmJmYjczMC1lY2FhLTExZTYtOGY4OC0zNDM2M2JjN2M0YzAiOnsicmVhZCI6NjAwMDAwMDAwMDAwfX0=",
          "dependencies": [
            "module.alb.aws_lb.backend",
            "module.alb.aws_lb_target_group.backend",
            "module.vpc.aws_security_group.private_http_anywhere",
            "module.vpc.aws_subnet.private_one",
            "module.vpc.aws_subnet.private_two",
            "module.vpc.aws_vpc.this",
            "module.vpc.aws_vpc_dhcp_options.dns_resolve",
            "module.vpc.aws_vpc_dhcp_options_association.dns_resolve"
          ]
        }
      ]
    },
    {
      "module": "module.alb",
      "mode": "managed",
      "type": "aws_lb_listener",
      "name": "front_end",
      "provider": "provider[\"registry.terraform.io/hashicorp/aws\"]",
      "instances": [
        {
          "schema_version": 0,
          "attributes": {
            "arn": "arn:aws:elasticloadbalancing:us-east-2:042236406240:listener/app/ALB-p003-threetier-frontend/6eb90d167d7eea7c/109db6adaadfc557",
            "certificate_arn": null,
            "default_action": [
              {
                "authenticate_cognito": [],
                "authenticate_oidc": [],
                "fixed_response": [],
                "forward": [],
                "order": 1,
                "redirect": [],
                "target_group_arn": "arn:aws:elasticloadbalancing:us-east-2:042236406240:targetgroup/ALB-p003-threetier-front-TG/7a267a8af454485e",
                "type": "forward"
              }
            ],
            "id": "arn:aws:elasticloadbalancing:us-east-2:042236406240:listener/app/ALB-p003-threetier-frontend/6eb90d167d7eea7c/109db6adaadfc557",
            "load_balancer_arn": "arn:aws:elasticloadbalancing:us-east-2:042236406240:loadbalancer/app/ALB-p003-threetier-frontend/6eb90d167d7eea7c",
            "port": 80,
            "protocol": "HTTP",
            "ssl_policy": "",
            "timeouts": null
          },
          "sensitive_attributes": [],
          "private": "eyJlMmJmYjczMC1lY2FhLTExZTYtOGY4OC0zNDM2M2JjN2M0YzAiOnsicmVhZCI6NjAwMDAwMDAwMDAwfX0=",
          "dependencies": [
            "module.alb.aws_lb.frontend",
            "module.alb.aws_lb_target_group.frontend",
            "module.vpc.aws_security_group.public_http_anywhere",
            "module.vpc.aws_subnet.public_one",
            "module.vpc.aws_subnet.public_two",
            "module.vpc.aws_vpc.this",
            "module.vpc.aws_vpc_dhcp_options.dns_resolve",
            "module.vpc.aws_vpc_dhcp_options_association.dns_resolve"
          ]
        }
      ]
    },
    {
      "module": "module.alb",
      "mode": "managed",
      "type": "aws_lb_target_group",
      "name": "backend",
      "provider": "provider[\"registry.terraform.io/hashicorp/aws\"]",
      "instances": [
        {
          "schema_version": 0,
          "attributes": {
            "arn": "arn:aws:elasticloadbalancing:us-east-2:042236406240:targetgroup/ALB-p003-threetier-back-TG/66523635d28d079b",
            "arn_suffix": "targetgroup/ALB-p003-threetier-back-TG/66523635d28d079b",
            "deregistration_delay": 300,
            "health_check": [
              {
                "enabled": true,
                "healthy_threshold": 5,
                "interval": 30,
                "matcher": "200",
                "path": "/",
                "port": "traffic-port",
                "protocol": "HTTP",
                "timeout": 5,
                "unhealthy_threshold": 2
              }
            ],
            "id": "arn:aws:elasticloadbalancing:us-east-2:042236406240:targetgroup/ALB-p003-threetier-back-TG/66523635d28d079b",
            "lambda_multi_value_headers_enabled": false,
            "load_balancing_algorithm_type": "round_robin",
            "name": "ALB-p003-threetier-back-TG",
            "name_prefix": null,
            "port": 80,
            "protocol": "HTTP",
            "protocol_version": "HTTP1",
            "proxy_protocol_v2": false,
            "slow_start": 0,
            "stickiness": [
              {
                "cookie_duration": 86400,
                "enabled": false,
                "type": "lb_cookie"
              }
            ],
            "tags": {},
            "target_type": "instance",
            "vpc_id": "vpc-0243fd2107537ef89"
          },
          "sensitive_attributes": [],
          "private": "bnVsbA==",
          "dependencies": [
            "module.vpc.aws_vpc.this"
          ]
        }
      ]
    },
    {
      "module": "module.alb",
      "mode": "managed",
      "type": "aws_lb_target_group",
      "name": "frontend",
      "provider": "provider[\"registry.terraform.io/hashicorp/aws\"]",
      "instances": [
        {
          "schema_version": 0,
          "attributes": {
            "arn": "arn:aws:elasticloadbalancing:us-east-2:042236406240:targetgroup/ALB-p003-threetier-front-TG/7a267a8af454485e",
            "arn_suffix": "targetgroup/ALB-p003-threetier-front-TG/7a267a8af454485e",
            "deregistration_delay": 300,
            "health_check": [
              {
                "enabled": true,
                "healthy_threshold": 5,
                "interval": 30,
                "matcher": "200",
                "path": "/",
                "port": "traffic-port",
                "protocol": "HTTP",
                "timeout": 5,
                "unhealthy_threshold": 2
              }
            ],
            "id": "arn:aws:elasticloadbalancing:us-east-2:042236406240:targetgroup/ALB-p003-threetier-front-TG/7a267a8af454485e",
            "lambda_multi_value_headers_enabled": false,
            "load_balancing_algorithm_type": "round_robin",
            "name": "ALB-p003-threetier-front-TG",
            "name_prefix": null,
            "port": 80,
            "protocol": "HTTP",
            "protocol_version": "HTTP1",
            "proxy_protocol_v2": false,
            "slow_start": 0,
            "stickiness": [
              {
                "cookie_duration": 86400,
                "enabled": false,
                "type": "lb_cookie"
              }
            ],
            "tags": {},
            "target_type": "instance",
            "vpc_id": "vpc-0243fd2107537ef89"
          },
          "sensitive_attributes": [],
          "private": "bnVsbA==",
          "dependencies": [
            "module.vpc.aws_vpc.this"
          ]
        }
      ]
    },
    {
      "module": "module.asg",
      "mode": "data",
      "type": "aws_ami",
      "name": "ubuntu",
      "provider": "provider[\"registry.terraform.io/hashicorp/aws\"]",
      "instances": [
        {
          "schema_version": 0,
          "attributes": {
            "architecture": "x86_64",
            "arn": "arn:aws:ec2:us-east-2::image/ami-09135e71dc2619458",
            "block_device_mappings": [
              {
                "device_name": "/dev/sda1",
                "ebs": {
                  "delete_on_termination": "true",
                  "encrypted": "false",
                  "iops": "0",
                  "snapshot_id": "snap-05206e8815b5009fd",
                  "throughput": "0",
                  "volume_size": "8",
                  "volume_type": "gp2"
                },
                "no_device": "",
                "virtual_name": ""
              },
              {
                "device_name": "/dev/sdb",
                "ebs": {},
                "no_device": "",
                "virtual_name": "ephemeral0"
              },
              {
                "device_name": "/dev/sdc",
                "ebs": {},
                "no_device": "",
                "virtual_name": "ephemeral1"
              }
            ],
            "creation_date": "2021-03-26T12:33:36.000Z",
            "description": "Canonical, Ubuntu, 18.04 LTS, amd64 bionic image build on 2021-03-25",
            "ena_support": true,
            "executable_users": null,
            "filter": [
              {
                "name": "name",
                "values": [
                  "ubuntu/images/hvm-ssd/ubuntu-bionic-18.04-amd64-server-*"
                ]
              },
              {
                "name": "virtualization-type",
                "values": [
                  "hvm"
                ]
              }
            ],
            "hypervisor": "xen",
            "id": "ami-09135e71dc2619458",
            "image_id": "ami-09135e71dc2619458",
            "image_location": "099720109477/ubuntu/images/hvm-ssd/ubuntu-bionic-18.04-amd64-server-20210325",
            "image_owner_alias": null,
            "image_type": "machine",
            "kernel_id": null,
            "most_recent": true,
            "name": "ubuntu/images/hvm-ssd/ubuntu-bionic-18.04-amd64-server-20210325",
            "name_regex": null,
            "owner_id": "099720109477",
            "owners": [
              "099720109477"
            ],
            "platform": null,
            "platform_details": "Linux/UNIX",
            "product_codes": [],
            "public": true,
            "ramdisk_id": null,
            "root_device_name": "/dev/sda1",
            "root_device_type": "ebs",
            "root_snapshot_id": "snap-05206e8815b5009fd",
            "sriov_net_support": "simple",
            "state": "available",
            "state_reason": {
              "code": "UNSET",
              "message": "UNSET"
            },
            "tags": {},
            "usage_operation": "RunInstances",
            "virtualization_type": "hvm"
          },
          "sensitive_attributes": []
        }
      ]
    },
    {
      "module": "module.asg",
      "mode": "data",
      "type": "template_file",
      "name": "init",
      "provider": "provider[\"registry.terraform.io/hashicorp/template\"]",
      "instances": [
        {
          "schema_version": 0,
          "attributes": {
            "filename": null,
            "id": "a621572a6eb1bdb1cc5526cb5269c5b6c2840d5ed3991a7c05c53381cc9d1df1",
            "rendered": "#!/bin/bash\r\n\r\n# Esta son las variables de template: ASG-p003-threetier\r\n\r\nsudo apt-get update -y\r\nsudo apt-get install apache2 -y\r\n\r\ninstance_id=$(curl -s 169.254.169.254/latest/meta-data/instance-id)\r\n\r\necho $instance_id |sudo tee /var/www/html/index.html",
            "template": "#!/bin/bash\r\n\r\n# Esta son las variables de template: ${project_name}\r\n\r\nsudo apt-get update -y\r\nsudo apt-get install apache2 -y\r\n\r\ninstance_id=$(curl -s 169.254.169.254/latest/meta-data/instance-id)\r\n\r\necho $instance_id |sudo tee /var/www/html/index.html",
            "vars": {
              "project_name": "ASG-p003-threetier"
            }
          },
          "sensitive_attributes": []
        }
      ]
    },
    {
      "module": "module.asg",
      "mode": "managed",
      "type": "aws_autoscaling_group",
      "name": "backend",
      "provider": "provider[\"registry.terraform.io/hashicorp/aws\"]",
      "instances": [
        {
          "schema_version": 0,
          "attributes": {
            "arn": "arn:aws:autoscaling:us-east-2:042236406240:autoScalingGroup:6f343d97-4645-4fa0-ad73-c6527ed2f8f8:autoScalingGroupName/ASG-p003-threetier-backend",
            "availability_zones": [
              "us-east-2a",
              "us-east-2b"
            ],
            "capacity_rebalance": false,
            "default_cooldown": 300,
            "desired_capacity": 0,
            "enabled_metrics": [],
            "force_delete": false,
            "health_check_grace_period": 150,
            "health_check_type": "EC2",
            "id": "ASG-p003-threetier-backend",
            "initial_lifecycle_hook": [],
            "instance_refresh": [],
            "launch_configuration": "ASG-p003-threetier-lc-backend-20210405200439519400000001",
            "launch_template": [],
            "load_balancers": [],
            "max_instance_lifetime": 0,
            "max_size": 3,
            "metrics_granularity": "1Minute",
            "min_elb_capacity": null,
            "min_size": 0,
            "mixed_instances_policy": [],
            "name": "ASG-p003-threetier-backend",
            "name_prefix": null,
            "placement_group": "",
            "protect_from_scale_in": false,
            "service_linked_role_arn": "arn:aws:iam::042236406240:role/aws-service-role/autoscaling.amazonaws.com/AWSServiceRoleForAutoScaling",
            "suspended_processes": [],
            "tag": [
              {
                "key": "Name",
                "propagate_at_launch": true,
                "value": "ASG-p003-threetier-testing-backend-asg"
              }
            ],
            "tags": null,
            "target_group_arns": [
              "arn:aws:elasticloadbalancing:us-east-2:042236406240:targetgroup/ALB-p003-threetier-back-TG/66523635d28d079b"
            ],
            "termination_policies": [],
            "timeouts": null,
            "vpc_zone_identifier": [
              "subnet-084223ecc28fd60b7",
              "subnet-0f780596eae33dbfa"
            ],
            "wait_for_capacity_timeout": "10m",
            "wait_for_elb_capacity": null
          },
          "sensitive_attributes": [],
          "private": "eyJlMmJmYjczMC1lY2FhLTExZTYtOGY4OC0zNDM2M2JjN2M0YzAiOnsiZGVsZXRlIjo2MDAwMDAwMDAwMDB9fQ==",
          "dependencies": [
            "module.alb.aws_lb_target_group.backend",
            "module.asg.aws_key_pair.keypair",
            "module.asg.aws_launch_configuration.backend",
            "module.asg.data.aws_ami.ubuntu",
            "module.asg.data.template_file.init",
            "module.vpc.aws_security_group.private_http_anywhere",
            "module.vpc.aws_security_group.private_ssh_anywhere",
            "module.vpc.aws_subnet.private_one",
            "module.vpc.aws_subnet.private_two",
            "module.vpc.aws_vpc.this",
            "module.vpc.aws_vpc_dhcp_options.dns_resolve",
            "module.vpc.aws_vpc_dhcp_options_association.dns_resolve"
          ]
        }
      ]
    },
    {
      "module": "module.asg",
      "mode": "managed",
      "type": "aws_autoscaling_group",
      "name": "frontend",
      "provider": "provider[\"registry.terraform.io/hashicorp/aws\"]",
      "instances": [
        {
          "schema_version": 0,
          "attributes": {
            "arn": "arn:aws:autoscaling:us-east-2:042236406240:autoScalingGroup:cd877e46-f85e-4b16-b327-6264598d5056:autoScalingGroupName/ASG-p003-threetier-frontend",
            "availability_zones": [
              "us-east-2a",
              "us-east-2b"
            ],
            "capacity_rebalance": false,
            "default_cooldown": 300,
            "desired_capacity": 2,
            "enabled_metrics": [],
            "force_delete": false,
            "health_check_grace_period": 150,
            "health_check_type": "EC2",
            "id": "ASG-p003-threetier-frontend",
            "initial_lifecycle_hook": [],
            "instance_refresh": [],
            "launch_configuration": "ASG-p003-threetier-lc-frontend-20210405200439521400000002",
            "launch_template": [],
            "load_balancers": [],
            "max_instance_lifetime": 0,
            "max_size": 3,
            "metrics_granularity": "1Minute",
            "min_elb_capacity": null,
            "min_size": 0,
            "mixed_instances_policy": [],
            "name": "ASG-p003-threetier-frontend",
            "name_prefix": null,
            "placement_group": "",
            "protect_from_scale_in": false,
            "service_linked_role_arn": "arn:aws:iam::042236406240:role/aws-service-role/autoscaling.amazonaws.com/AWSServiceRoleForAutoScaling",
            "suspended_processes": [],
            "tag": [
              {
                "key": "Name",
                "propagate_at_launch": true,
                "value": "ASG-p003-threetier-testing-frontend-asg"
              }
            ],
            "tags": null,
            "target_group_arns": [
              "arn:aws:elasticloadbalancing:us-east-2:042236406240:targetgroup/ALB-p003-threetier-front-TG/7a267a8af454485e"
            ],
            "termination_policies": [],
            "timeouts": null,
            "vpc_zone_identifier": [
              "subnet-084223ecc28fd60b7",
              "subnet-0f780596eae33dbfa"
            ],
            "wait_for_capacity_timeout": "10m",
            "wait_for_elb_capacity": null
          },
          "sensitive_attributes": [],
          "private": "eyJlMmJmYjczMC1lY2FhLTExZTYtOGY4OC0zNDM2M2JjN2M0YzAiOnsiZGVsZXRlIjo2MDAwMDAwMDAwMDB9fQ==",
          "dependencies": [
            "module.alb.aws_lb_target_group.frontend",
            "module.asg.aws_launch_configuration.frontend",
            "module.vpc.aws_subnet.private_one",
            "module.vpc.aws_subnet.private_two"
          ]
        }
      ]
    },
    {
      "module": "module.asg",
      "mode": "managed",
      "type": "aws_autoscaling_policy",
      "name": "backend",
      "provider": "provider[\"registry.terraform.io/hashicorp/aws\"]",
      "instances": [
        {
          "schema_version": 0,
          "attributes": {
            "adjustment_type": "",
            "arn": "arn:aws:autoscaling:us-east-2:042236406240:scalingPolicy:074a4780-56a8-424f-9e7e-64a3074d83c5:autoScalingGroupName/ASG-p003-threetier-backend:policyName/ASG-p003-threetier-backend-policy-asg",
            "autoscaling_group_name": "ASG-p003-threetier-backend",
            "cooldown": 0,
            "estimated_instance_warmup": 15,
            "id": "ASG-p003-threetier-backend-policy-asg",
            "metric_aggregation_type": "",
            "min_adjustment_magnitude": null,
            "name": "ASG-p003-threetier-backend-policy-asg",
            "policy_type": "TargetTrackingScaling",
            "scaling_adjustment": 0,
            "step_adjustment": [],
            "target_tracking_configuration": [
              {
                "customized_metric_specification": [],
                "disable_scale_in": false,
                "predefined_metric_specification": [
                  {
                    "predefined_metric_type": "ASGAverageCPUUtilization",
                    "resource_label": ""
                  }
                ],
                "target_value": 40
              }
            ]
          },
          "sensitive_attributes": [],
          "private": "bnVsbA==",
          "dependencies": [
            "module.asg.aws_autoscaling_group.backend"
          ]
        }
      ]
    },
    {
      "module": "module.asg",
      "mode": "managed",
      "type": "aws_autoscaling_policy",
      "name": "frontend",
      "provider": "provider[\"registry.terraform.io/hashicorp/aws\"]",
      "instances": [
        {
          "schema_version": 0,
          "attributes": {
            "adjustment_type": "",
            "arn": "arn:aws:autoscaling:us-east-2:042236406240:scalingPolicy:e2a0f925-c3d4-4e58-89c8-bb94ed0bfe6d:autoScalingGroupName/ASG-p003-threetier-frontend:policyName/ASG-p003-threetier-frontend-policy-asg",
            "autoscaling_group_name": "ASG-p003-threetier-frontend",
            "cooldown": 0,
            "estimated_instance_warmup": 15,
            "id": "ASG-p003-threetier-frontend-policy-asg",
            "metric_aggregation_type": "",
            "min_adjustment_magnitude": null,
            "name": "ASG-p003-threetier-frontend-policy-asg",
            "policy_type": "TargetTrackingScaling",
            "scaling_adjustment": 0,
            "step_adjustment": [],
            "target_tracking_configuration": [
              {
                "customized_metric_specification": [],
                "disable_scale_in": false,
                "predefined_metric_specification": [
                  {
                    "predefined_metric_type": "ASGAverageCPUUtilization",
                    "resource_label": ""
                  }
                ],
                "target_value": 40
              }
            ]
          },
          "sensitive_attributes": [],
          "private": "bnVsbA==",
          "dependencies": [
            "module.alb.aws_lb_target_group.frontend",
            "module.asg.aws_autoscaling_group.frontend",
            "module.asg.aws_launch_configuration.frontend",
            "module.vpc.aws_subnet.private_one",
            "module.vpc.aws_subnet.private_two"
          ]
        }
      ]
    },
    {
      "module": "module.asg",
      "mode": "managed",
      "type": "aws_key_pair",
      "name": "keypair",
      "provider": "provider[\"registry.terraform.io/hashicorp/aws\"]",
      "instances": [
        {
          "schema_version": 1,
          "attributes": {
            "arn": "arn:aws:ec2:us-east-2:042236406240:key-pair/ASG-p003-threetier-keypair",
            "fingerprint": "3c:10:f1:e6:3c:73:bb:90:b3:b7:3b:5f:11:ef:93:b9",
            "id": "ASG-p003-threetier-keypair",
            "key_name": "ASG-p003-threetier-keypair",
            "key_name_prefix": null,
            "key_pair_id": "key-0cb8e3e5b5e4d643f",
            "public_key": "ssh-rsa AAAAB3NzaC1yc2EAAAABJQAAAQEArLhLnVhH3sdzmLPLFO7Nhh6c3ySi6ayWihDfWFFz0vJcE+geSE3uj5tNV0yNI7JfiR0wb5MT5+UHLfLxy2fFiIZOymPy3EXZKDtoEk0gdWXEgUgYRwCcr1OsWTMsMWwRCAOA4gOUldPCGCtw79+Cb9hNC1UMTNsaiVIshNLRmkBytpnrU5LmjeQwH5fKPHBC6sszUjCg/33GdOSurpnE3/PGuVZw+gtq9SJWWnRh6HPSahLezk5yBdxXjY22jBnmV75uENZzKEPCWuN3wiF0KCx0ToBQiQMzran3g/vADgHUnFgXrku34WMvLTlFvV2DT5+sD8MMSzGup9QFp4C6Yw== rsa-key-20210102",
            "tags": {}
          },
          "sensitive_attributes": [],
          "private": "eyJzY2hlbWFfdmVyc2lvbiI6IjEifQ==",
          "create_before_destroy": true
        }
      ]
    },
    {
      "module": "module.asg",
      "mode": "managed",
      "type": "aws_launch_configuration",
      "name": "backend",
      "provider": "provider[\"registry.terraform.io/hashicorp/aws\"]",
      "instances": [
        {
          "schema_version": 0,
          "attributes": {
            "arn": "arn:aws:autoscaling:us-east-2:042236406240:launchConfiguration:63e1fbff-53aa-4eab-94ab-6e8cae6b9d39:launchConfigurationName/ASG-p003-threetier-lc-backend-20210405200439519400000001",
            "associate_public_ip_address": false,
            "ebs_block_device": [],
            "ebs_optimized": false,
            "enable_monitoring": true,
            "ephemeral_block_device": [],
            "iam_instance_profile": "",
            "id": "ASG-p003-threetier-lc-backend-20210405200439519400000001",
            "image_id": "ami-09135e71dc2619458",
            "instance_type": "t2.micro",
            "key_name": "ASG-p003-threetier-keypair",
            "metadata_options": [],
            "name": "ASG-p003-threetier-lc-backend-20210405200439519400000001",
            "name_prefix": "ASG-p003-threetier-lc-backend-",
            "placement_tenancy": null,
            "root_block_device": [],
            "security_groups": [
              "sg-0b3debecb6725aae0",
              "sg-0e324aef0636215fd"
            ],
            "spot_price": "",
            "user_data": "261cf2db6ff21ca5e4e56219eca212a59716f7f4",
            "user_data_base64": null,
            "vpc_classic_link_id": "",
            "vpc_classic_link_security_groups": []
          },
          "sensitive_attributes": [],
          "private": "bnVsbA==",
          "dependencies": [
            "module.asg.aws_key_pair.keypair",
            "module.asg.data.aws_ami.ubuntu",
            "module.asg.data.template_file.init",
            "module.vpc.aws_security_group.private_http_anywhere",
            "module.vpc.aws_security_group.private_ssh_anywhere",
            "module.vpc.aws_vpc.this"
          ],
          "create_before_destroy": true
        }
      ]
    },
    {
      "module": "module.asg",
      "mode": "managed",
      "type": "aws_launch_configuration",
      "name": "frontend",
      "provider": "provider[\"registry.terraform.io/hashicorp/aws\"]",
      "instances": [
        {
          "schema_version": 0,
          "attributes": {
            "arn": "arn:aws:autoscaling:us-east-2:042236406240:launchConfiguration:7ffd8f08-98e0-4e29-ba25-a7373c13325d:launchConfigurationName/ASG-p003-threetier-lc-frontend-20210405200439521400000002",
            "associate_public_ip_address": false,
            "ebs_block_device": [],
            "ebs_optimized": false,
            "enable_monitoring": true,
            "ephemeral_block_device": [],
            "iam_instance_profile": "",
            "id": "ASG-p003-threetier-lc-frontend-20210405200439521400000002",
            "image_id": "ami-09135e71dc2619458",
            "instance_type": "t2.micro",
            "key_name": "ASG-p003-threetier-keypair",
            "metadata_options": [],
            "name": "ASG-p003-threetier-lc-frontend-20210405200439521400000002",
            "name_prefix": "ASG-p003-threetier-lc-frontend-",
            "placement_tenancy": null,
            "root_block_device": [],
            "security_groups": [
              "sg-0b3debecb6725aae0",
              "sg-0e324aef0636215fd"
            ],
            "spot_price": "",
            "user_data": "261cf2db6ff21ca5e4e56219eca212a59716f7f4",
            "user_data_base64": null,
            "vpc_classic_link_id": "",
            "vpc_classic_link_security_groups": []
          },
          "sensitive_attributes": [],
          "private": "bnVsbA==",
          "dependencies": [
            "module.asg.aws_key_pair.keypair",
            "module.asg.data.aws_ami.ubuntu",
            "module.asg.data.template_file.init",
            "module.vpc.aws_security_group.private_http_anywhere",
            "module.vpc.aws_security_group.private_ssh_anywhere",
            "module.vpc.aws_vpc.this"
          ],
          "create_before_destroy": true
        }
      ]
    },
    {
      "module": "module.vpc",
      "mode": "managed",
      "type": "aws_eip",
      "name": "this",
      "provider": "provider[\"registry.terraform.io/hashicorp/aws\"]",
      "instances": [
        {
          "schema_version": 0,
          "attributes": {
            "allocation_id": null,
            "associate_with_private_ip": null,
            "association_id": "eipassoc-0255499eb85cead4f",
            "carrier_ip": "",
            "customer_owned_ip": "",
            "customer_owned_ipv4_pool": "",
            "domain": "vpc",
            "id": "eipalloc-0e75f20a3e90df2cc",
            "instance": "",
            "network_border_group": "us-east-2",
            "network_interface": "eni-04848076214bb092e",
            "private_dns": "ip-10-0-1-27.us-east-2.compute.internal",
            "private_ip": "10.0.1.27",
            "public_dns": "ec2-3-17-123-159.us-east-2.compute.amazonaws.com",
            "public_ip": "3.17.123.159",
            "public_ipv4_pool": "amazon",
            "tags": {},
            "timeouts": null,
            "vpc": true
          },
          "sensitive_attributes": [],
          "private": "eyJlMmJmYjczMC1lY2FhLTExZTYtOGY4OC0zNDM2M2JjN2M0YzAiOnsiZGVsZXRlIjoxODAwMDAwMDAwMDAsInJlYWQiOjkwMDAwMDAwMDAwMCwidXBkYXRlIjozMDAwMDAwMDAwMDB9fQ==",
          "dependencies": [
            "module.vpc.aws_internet_gateway.this",
            "module.vpc.aws_vpc.this"
          ]
        }
      ]
    },
    {
      "module": "module.vpc",
      "mode": "managed",
      "type": "aws_internet_gateway",
      "name": "this",
      "provider": "provider[\"registry.terraform.io/hashicorp/aws\"]",
      "instances": [
        {
          "schema_version": 0,
          "attributes": {
            "arn": "arn:aws:ec2:us-east-2:042236406240:internet-gateway/igw-030b02419937cce4a",
            "id": "igw-030b02419937cce4a",
            "owner_id": "042236406240",
            "tags": {
              "Name": "ThreeTier-p003-testing-gw"
            },
            "vpc_id": "vpc-0243fd2107537ef89"
          },
          "sensitive_attributes": [],
          "private": "bnVsbA==",
          "dependencies": [
            "module.vpc.aws_vpc.this"
          ]
        }
      ]
    },
    {
      "module": "module.vpc",
      "mode": "managed",
      "type": "aws_nat_gateway",
      "name": "this",
      "provider": "provider[\"registry.terraform.io/hashicorp/aws\"]",
      "instances": [
        {
          "schema_version": 0,
          "attributes": {
            "allocation_id": "eipalloc-0e75f20a3e90df2cc",
            "id": "nat-0ece17da815dc0a83",
            "network_interface_id": "eni-04848076214bb092e",
            "private_ip": "10.0.1.27",
            "public_ip": "3.17.123.159",
            "subnet_id": "subnet-02c9486336affd028",
            "tags": {
              "Name": "ThreeTier-p003-testing-gw-NAT"
            }
          },
          "sensitive_attributes": [],
          "private": "bnVsbA==",
          "dependencies": [
            "module.vpc.aws_eip.this",
            "module.vpc.aws_internet_gateway.this",
            "module.vpc.aws_subnet.public_one",
            "module.vpc.aws_vpc.this",
            "module.vpc.aws_vpc_dhcp_options.dns_resolve",
            "module.vpc.aws_vpc_dhcp_options_association.dns_resolve"
          ]
        }
      ]
    },
    {
      "module": "module.vpc",
      "mode": "managed",
      "type": "aws_network_acl",
      "name": "private",
      "provider": "provider[\"registry.terraform.io/hashicorp/aws\"]",
      "instances": [
        {
          "schema_version": 0,
          "attributes": {
            "arn": "arn:aws:ec2:us-east-2:042236406240:network-acl/acl-075deb9f4f66d6e93",
            "egress": [
              {
                "action": "allow",
                "cidr_block": "0.0.0.0/0",
                "from_port": 0,
                "icmp_code": 0,
                "icmp_type": 0,
                "ipv6_cidr_block": "",
                "protocol": "-1",
                "rule_no": 100,
                "to_port": 0
              }
            ],
            "id": "acl-075deb9f4f66d6e93",
            "ingress": [
              {
                "action": "allow",
                "cidr_block": "10.0.0.0/16",
                "from_port": 1024,
                "icmp_code": 0,
                "icmp_type": 0,
                "ipv6_cidr_block": "",
                "protocol": "6",
                "rule_no": 120,
                "to_port": 65535
              },
              {
                "action": "allow",
                "cidr_block": "10.0.0.0/16",
                "from_port": 22,
                "icmp_code": 0,
                "icmp_type": 0,
                "ipv6_cidr_block": "",
                "protocol": "6",
                "rule_no": 110,
                "to_port": 22
              },
              {
                "action": "allow",
                "cidr_block": "10.0.0.0/16",
                "from_port": 80,
                "icmp_code": 0,
                "icmp_type": 0,
                "ipv6_cidr_block": "",
                "protocol": "6",
                "rule_no": 100,
                "to_port": 80
              }
            ],
            "owner_id": "042236406240",
            "subnet_ids": [
              "subnet-084223ecc28fd60b7",
              "subnet-0f780596eae33dbfa"
            ],
            "tags": {
              "Name": "ThreeTier-p003-testing-acl-private"
            },
            "vpc_id": "vpc-0243fd2107537ef89"
          },
          "sensitive_attributes": [],
          "private": "bnVsbA==",
          "dependencies": [
            "module.vpc.aws_subnet.private_one",
            "module.vpc.aws_subnet.private_two",
            "module.vpc.aws_vpc.this",
            "module.vpc.aws_vpc_dhcp_options.dns_resolve",
            "module.vpc.aws_vpc_dhcp_options_association.dns_resolve"
          ]
        }
      ]
    },
    {
      "module": "module.vpc",
      "mode": "managed",
      "type": "aws_network_acl",
      "name": "public",
      "provider": "provider[\"registry.terraform.io/hashicorp/aws\"]",
      "instances": [
        {
          "schema_version": 0,
          "attributes": {
            "arn": "arn:aws:ec2:us-east-2:042236406240:network-acl/acl-0e3a619e5c49f6208",
            "egress": [
              {
                "action": "allow",
                "cidr_block": "0.0.0.0/0",
                "from_port": 0,
                "icmp_code": 0,
                "icmp_type": 0,
                "ipv6_cidr_block": "",
                "protocol": "-1",
                "rule_no": 100,
                "to_port": 0
              }
            ],
            "id": "acl-0e3a619e5c49f6208",
            "ingress": [
              {
                "action": "allow",
                "cidr_block": "0.0.0.0/0",
                "from_port": 1024,
                "icmp_code": 0,
                "icmp_type": 0,
                "ipv6_cidr_block": "",
                "protocol": "6",
                "rule_no": 120,
                "to_port": 65535
              },
              {
                "action": "allow",
                "cidr_block": "0.0.0.0/0",
                "from_port": 22,
                "icmp_code": 0,
                "icmp_type": 0,
                "ipv6_cidr_block": "",
                "protocol": "6",
                "rule_no": 110,
                "to_port": 22
              },
              {
                "action": "allow",
                "cidr_block": "0.0.0.0/0",
                "from_port": 80,
                "icmp_code": 0,
                "icmp_type": 0,
                "ipv6_cidr_block": "",
                "protocol": "6",
                "rule_no": 100,
                "to_port": 80
              }
            ],
            "owner_id": "042236406240",
            "subnet_ids": [
              "subnet-02c9486336affd028",
              "subnet-05d1ebef75dfeed7f"
            ],
            "tags": {
              "Name": "ThreeTier-p003-testing-acl-public"
            },
            "vpc_id": "vpc-0243fd2107537ef89"
          },
          "sensitive_attributes": [],
          "private": "bnVsbA==",
          "dependencies": [
            "module.vpc.aws_subnet.public_one",
            "module.vpc.aws_subnet.public_two",
            "module.vpc.aws_vpc.this",
            "module.vpc.aws_vpc_dhcp_options.dns_resolve",
            "module.vpc.aws_vpc_dhcp_options_association.dns_resolve"
          ]
        }
      ]
    },
    {
      "module": "module.vpc",
      "mode": "managed",
      "type": "aws_network_acl_rule",
      "name": "inbound_private_one",
      "provider": "provider[\"registry.terraform.io/hashicorp/aws\"]",
      "instances": [
        {
          "schema_version": 0,
          "attributes": {
            "cidr_block": "10.0.0.0/16",
            "egress": false,
            "from_port": 80,
            "icmp_code": null,
            "icmp_type": null,
            "id": "nacl-486539161",
            "ipv6_cidr_block": "",
            "network_acl_id": "acl-075deb9f4f66d6e93",
            "protocol": "tcp",
            "rule_action": "allow",
            "rule_number": 100,
            "to_port": 80
          },
          "sensitive_attributes": [],
          "private": "bnVsbA==",
          "dependencies": [
            "module.vpc.aws_network_acl.private",
            "module.vpc.aws_subnet.private_one",
            "module.vpc.aws_subnet.private_two",
            "module.vpc.aws_vpc.this",
            "module.vpc.aws_vpc_dhcp_options.dns_resolve",
            "module.vpc.aws_vpc_dhcp_options_association.dns_resolve"
          ]
        }
      ]
    },
    {
      "module": "module.vpc",
      "mode": "managed",
      "type": "aws_network_acl_rule",
      "name": "inbound_private_three",
      "provider": "provider[\"registry.terraform.io/hashicorp/aws\"]",
      "instances": [
        {
          "schema_version": 0,
          "attributes": {
            "cidr_block": "10.0.0.0/16",
            "egress": false,
            "from_port": 1024,
            "icmp_code": null,
            "icmp_type": null,
            "id": "nacl-2091076306",
            "ipv6_cidr_block": "",
            "network_acl_id": "acl-075deb9f4f66d6e93",
            "protocol": "tcp",
            "rule_action": "allow",
            "rule_number": 120,
            "to_port": 65535
          },
          "sensitive_attributes": [],
          "private": "bnVsbA==",
          "dependencies": [
            "module.vpc.aws_network_acl.private",
            "module.vpc.aws_subnet.private_one",
            "module.vpc.aws_subnet.private_two",
            "module.vpc.aws_vpc.this",
            "module.vpc.aws_vpc_dhcp_options.dns_resolve",
            "module.vpc.aws_vpc_dhcp_options_association.dns_resolve"
          ]
        }
      ]
    },
    {
      "module": "module.vpc",
      "mode": "managed",
      "type": "aws_network_acl_rule",
      "name": "inbound_private_two",
      "provider": "provider[\"registry.terraform.io/hashicorp/aws\"]",
      "instances": [
        {
          "schema_version": 0,
          "attributes": {
            "cidr_block": "10.0.0.0/16",
            "egress": false,
            "from_port": 22,
            "icmp_code": null,
            "icmp_type": null,
            "id": "nacl-3244893724",
            "ipv6_cidr_block": "",
            "network_acl_id": "acl-075deb9f4f66d6e93",
            "protocol": "tcp",
            "rule_action": "allow",
            "rule_number": 110,
            "to_port": 22
          },
          "sensitive_attributes": [],
          "private": "bnVsbA==",
          "dependencies": [
            "module.vpc.aws_network_acl.private",
            "module.vpc.aws_subnet.private_one",
            "module.vpc.aws_subnet.private_two",
            "module.vpc.aws_vpc.this",
            "module.vpc.aws_vpc_dhcp_options.dns_resolve",
            "module.vpc.aws_vpc_dhcp_options_association.dns_resolve"
          ]
        }
      ]
    },
    {
      "module": "module.vpc",
      "mode": "managed",
      "type": "aws_network_acl_rule",
      "name": "inbound_public_one",
      "provider": "provider[\"registry.terraform.io/hashicorp/aws\"]",
      "instances": [
        {
          "schema_version": 0,
          "attributes": {
            "cidr_block": "0.0.0.0/0",
            "egress": false,
            "from_port": 80,
            "icmp_code": null,
            "icmp_type": null,
            "id": "nacl-2948724597",
            "ipv6_cidr_block": "",
            "network_acl_id": "acl-0e3a619e5c49f6208",
            "protocol": "tcp",
            "rule_action": "allow",
            "rule_number": 100,
            "to_port": 80
          },
          "sensitive_attributes": [],
          "private": "bnVsbA==",
          "dependencies": [
            "module.vpc.aws_network_acl.public",
            "module.vpc.aws_subnet.public_one",
            "module.vpc.aws_subnet.public_two",
            "module.vpc.aws_vpc.this",
            "module.vpc.aws_vpc_dhcp_options.dns_resolve",
            "module.vpc.aws_vpc_dhcp_options_association.dns_resolve"
          ]
        }
      ]
    },
    {
      "module": "module.vpc",
      "mode": "managed",
      "type": "aws_network_acl_rule",
      "name": "inbound_public_three",
      "provider": "provider[\"registry.terraform.io/hashicorp/aws\"]",
      "instances": [
        {
          "schema_version": 0,
          "attributes": {
            "cidr_block": "0.0.0.0/0",
            "egress": false,
            "from_port": 1024,
            "icmp_code": null,
            "icmp_type": null,
            "id": "nacl-3483189822",
            "ipv6_cidr_block": "",
            "network_acl_id": "acl-0e3a619e5c49f6208",
            "protocol": "tcp",
            "rule_action": "allow",
            "rule_number": 120,
            "to_port": 65535
          },
          "sensitive_attributes": [],
          "private": "bnVsbA==",
          "dependencies": [
            "module.vpc.aws_network_acl.public",
            "module.vpc.aws_subnet.public_one",
            "module.vpc.aws_subnet.public_two",
            "module.vpc.aws_vpc.this",
            "module.vpc.aws_vpc_dhcp_options.dns_resolve",
            "module.vpc.aws_vpc_dhcp_options_association.dns_resolve"
          ]
        }
      ]
    },
    {
      "module": "module.vpc",
      "mode": "managed",
      "type": "aws_network_acl_rule",
      "name": "inbound_public_two",
      "provider": "provider[\"registry.terraform.io/hashicorp/aws\"]",
      "instances": [
        {
          "schema_version": 0,
          "attributes": {
            "cidr_block": "0.0.0.0/0",
            "egress": false,
            "from_port": 22,
            "icmp_code": null,
            "icmp_type": null,
            "id": "nacl-1918316272",
            "ipv6_cidr_block": "",
            "network_acl_id": "acl-0e3a619e5c49f6208",
            "protocol": "tcp",
            "rule_action": "allow",
            "rule_number": 110,
            "to_port": 22
          },
          "sensitive_attributes": [],
          "private": "bnVsbA==",
          "dependencies": [
            "module.vpc.aws_network_acl.public",
            "module.vpc.aws_subnet.public_one",
            "module.vpc.aws_subnet.public_two",
            "module.vpc.aws_vpc.this",
            "module.vpc.aws_vpc_dhcp_options.dns_resolve",
            "module.vpc.aws_vpc_dhcp_options_association.dns_resolve"
          ]
        }
      ]
    },
    {
      "module": "module.vpc",
      "mode": "managed",
      "type": "aws_network_acl_rule",
      "name": "outbound_private",
      "provider": "provider[\"registry.terraform.io/hashicorp/aws\"]",
      "instances": [
        {
          "schema_version": 0,
          "attributes": {
            "cidr_block": "0.0.0.0/0",
            "egress": true,
            "from_port": 0,
            "icmp_code": null,
            "icmp_type": null,
            "id": "nacl-335324643",
            "ipv6_cidr_block": "",
            "network_acl_id": "acl-075deb9f4f66d6e93",
            "protocol": "all",
            "rule_action": "allow",
            "rule_number": 100,
            "to_port": 0
          },
          "sensitive_attributes": [],
          "private": "bnVsbA==",
          "dependencies": [
            "module.vpc.aws_network_acl.private",
            "module.vpc.aws_subnet.private_one",
            "module.vpc.aws_subnet.private_two",
            "module.vpc.aws_vpc.this",
            "module.vpc.aws_vpc_dhcp_options.dns_resolve",
            "module.vpc.aws_vpc_dhcp_options_association.dns_resolve"
          ]
        }
      ]
    },
    {
      "module": "module.vpc",
      "mode": "managed",
      "type": "aws_network_acl_rule",
      "name": "outbound_public",
      "provider": "provider[\"registry.terraform.io/hashicorp/aws\"]",
      "instances": [
        {
          "schema_version": 0,
          "attributes": {
            "cidr_block": "0.0.0.0/0",
            "egress": true,
            "from_port": 0,
            "icmp_code": null,
            "icmp_type": null,
            "id": "nacl-158485726",
            "ipv6_cidr_block": "",
            "network_acl_id": "acl-0e3a619e5c49f6208",
            "protocol": "all",
            "rule_action": "allow",
            "rule_number": 100,
            "to_port": 0
          },
          "sensitive_attributes": [],
          "private": "bnVsbA==",
          "dependencies": [
            "module.vpc.aws_network_acl.public",
            "module.vpc.aws_subnet.public_one",
            "module.vpc.aws_subnet.public_two",
            "module.vpc.aws_vpc.this",
            "module.vpc.aws_vpc_dhcp_options.dns_resolve",
            "module.vpc.aws_vpc_dhcp_options_association.dns_resolve"
          ]
        }
      ]
    },
    {
      "module": "module.vpc",
      "mode": "managed",
      "type": "aws_route",
      "name": "private",
      "provider": "provider[\"registry.terraform.io/hashicorp/aws\"]",
      "instances": [
        {
          "schema_version": 0,
          "attributes": {
            "destination_cidr_block": "0.0.0.0/0",
            "destination_ipv6_cidr_block": "",
            "destination_prefix_list_id": "",
            "egress_only_gateway_id": "",
            "gateway_id": "",
            "id": "r-rtb-0087765c4ca9b752a1080289494",
            "instance_id": "",
            "instance_owner_id": "",
            "local_gateway_id": "",
            "nat_gateway_id": "nat-0ece17da815dc0a83",
            "network_interface_id": "",
            "origin": "CreateRoute",
            "route_table_id": "rtb-0087765c4ca9b752a",
            "state": "active",
            "timeouts": null,
            "transit_gateway_id": "",
            "vpc_endpoint_id": null,
            "vpc_peering_connection_id": ""
          },
          "sensitive_attributes": [],
          "private": "eyJlMmJmYjczMC1lY2FhLTExZTYtOGY4OC0zNDM2M2JjN2M0YzAiOnsiY3JlYXRlIjoxMjAwMDAwMDAwMDAsImRlbGV0ZSI6MzAwMDAwMDAwMDAwfX0=",
          "dependencies": [
            "module.vpc.aws_eip.this",
            "module.vpc.aws_internet_gateway.this",
            "module.vpc.aws_nat_gateway.this",
            "module.vpc.aws_route_table.private",
            "module.vpc.aws_subnet.public_one",
            "module.vpc.aws_vpc.this",
            "module.vpc.aws_vpc_dhcp_options.dns_resolve",
            "module.vpc.aws_vpc_dhcp_options_association.dns_resolve"
          ]
        }
      ]
    },
    {
      "module": "module.vpc",
      "mode": "managed",
      "type": "aws_route",
      "name": "public",
      "provider": "provider[\"registry.terraform.io/hashicorp/aws\"]",
      "instances": [
        {
          "schema_version": 0,
          "attributes": {
            "destination_cidr_block": "0.0.0.0/0",
            "destination_ipv6_cidr_block": "",
            "destination_prefix_list_id": "",
            "egress_only_gateway_id": "",
            "gateway_id": "igw-030b02419937cce4a",
            "id": "r-rtb-021c64ed629e0f2711080289494",
            "instance_id": "",
            "instance_owner_id": "",
            "local_gateway_id": "",
            "nat_gateway_id": "",
            "network_interface_id": "",
            "origin": "CreateRoute",
            "route_table_id": "rtb-021c64ed629e0f271",
            "state": "active",
            "timeouts": null,
            "transit_gateway_id": "",
            "vpc_endpoint_id": null,
            "vpc_peering_connection_id": ""
          },
          "sensitive_attributes": [],
          "private": "eyJlMmJmYjczMC1lY2FhLTExZTYtOGY4OC0zNDM2M2JjN2M0YzAiOnsiY3JlYXRlIjoxMjAwMDAwMDAwMDAsImRlbGV0ZSI6MzAwMDAwMDAwMDAwfX0=",
          "dependencies": [
            "module.vpc.aws_internet_gateway.this",
            "module.vpc.aws_route_table.public",
            "module.vpc.aws_vpc.this"
          ]
        }
      ]
    },
    {
      "module": "module.vpc",
      "mode": "managed",
      "type": "aws_route_table",
      "name": "private",
      "provider": "provider[\"registry.terraform.io/hashicorp/aws\"]",
      "instances": [
        {
          "schema_version": 0,
          "attributes": {
            "id": "rtb-0087765c4ca9b752a",
            "owner_id": "042236406240",
            "propagating_vgws": [],
            "route": [
              {
                "cidr_block": "0.0.0.0/0",
                "egress_only_gateway_id": "",
                "gateway_id": "",
                "instance_id": "",
                "ipv6_cidr_block": "",
                "local_gateway_id": "",
                "nat_gateway_id": "nat-0ece17da815dc0a83",
                "network_interface_id": "",
                "transit_gateway_id": "",
                "vpc_endpoint_id": "",
                "vpc_peering_connection_id": ""
              }
            ],
            "tags": {
              "Name": "ThreeTier-p003-testing-private-rt"
            },
            "vpc_id": "vpc-0243fd2107537ef89"
          },
          "sensitive_attributes": [],
          "private": "bnVsbA==",
          "dependencies": [
            "module.vpc.aws_vpc.this"
          ]
        }
      ]
    },
    {
      "module": "module.vpc",
      "mode": "managed",
      "type": "aws_route_table",
      "name": "public",
      "provider": "provider[\"registry.terraform.io/hashicorp/aws\"]",
      "instances": [
        {
          "schema_version": 0,
          "attributes": {
            "id": "rtb-021c64ed629e0f271",
            "owner_id": "042236406240",
            "propagating_vgws": [],
            "route": [
              {
                "cidr_block": "0.0.0.0/0",
                "egress_only_gateway_id": "",
                "gateway_id": "igw-030b02419937cce4a",
                "instance_id": "",
                "ipv6_cidr_block": "",
                "local_gateway_id": "",
                "nat_gateway_id": "",
                "network_interface_id": "",
                "transit_gateway_id": "",
                "vpc_endpoint_id": "",
                "vpc_peering_connection_id": ""
              }
            ],
            "tags": {
              "Name": "ThreeTier-p003-testing-public-rt"
            },
            "vpc_id": "vpc-0243fd2107537ef89"
          },
          "sensitive_attributes": [],
          "private": "bnVsbA==",
          "dependencies": [
            "module.vpc.aws_vpc.this"
          ]
        }
      ]
    },
    {
      "module": "module.vpc",
      "mode": "managed",
      "type": "aws_route_table_association",
      "name": "private_one",
      "provider": "provider[\"registry.terraform.io/hashicorp/aws\"]",
      "instances": [
        {
          "schema_version": 0,
          "attributes": {
            "gateway_id": null,
            "id": "rtbassoc-064e83473a65d59d7",
            "route_table_id": "rtb-0087765c4ca9b752a",
            "subnet_id": "subnet-0f780596eae33dbfa"
          },
          "sensitive_attributes": [],
          "private": "bnVsbA==",
          "dependencies": [
            "module.vpc.aws_route_table.private",
            "module.vpc.aws_subnet.private_one",
            "module.vpc.aws_vpc.this",
            "module.vpc.aws_vpc_dhcp_options.dns_resolve",
            "module.vpc.aws_vpc_dhcp_options_association.dns_resolve"
          ]
        }
      ]
    },
    {
      "module": "module.vpc",
      "mode": "managed",
      "type": "aws_route_table_association",
      "name": "private_two",
      "provider": "provider[\"registry.terraform.io/hashicorp/aws\"]",
      "instances": [
        {
          "schema_version": 0,
          "attributes": {
            "gateway_id": null,
            "id": "rtbassoc-0ee5064fcf016d1d9",
            "route_table_id": "rtb-0087765c4ca9b752a",
            "subnet_id": "subnet-084223ecc28fd60b7"
          },
          "sensitive_attributes": [],
          "private": "bnVsbA==",
          "dependencies": [
            "module.vpc.aws_route_table.private",
            "module.vpc.aws_subnet.private_two",
            "module.vpc.aws_vpc.this",
            "module.vpc.aws_vpc_dhcp_options.dns_resolve",
            "module.vpc.aws_vpc_dhcp_options_association.dns_resolve"
          ]
        }
      ]
    },
    {
      "module": "module.vpc",
      "mode": "managed",
      "type": "aws_route_table_association",
      "name": "public_one",
      "provider": "provider[\"registry.terraform.io/hashicorp/aws\"]",
      "instances": [
        {
          "schema_version": 0,
          "attributes": {
            "gateway_id": null,
            "id": "rtbassoc-0b29d10c445956259",
            "route_table_id": "rtb-021c64ed629e0f271",
            "subnet_id": "subnet-02c9486336affd028"
          },
          "sensitive_attributes": [],
          "private": "bnVsbA==",
          "dependencies": [
            "module.vpc.aws_route_table.public",
            "module.vpc.aws_subnet.public_one",
            "module.vpc.aws_vpc.this",
            "module.vpc.aws_vpc_dhcp_options.dns_resolve",
            "module.vpc.aws_vpc_dhcp_options_association.dns_resolve"
          ]
        }
      ]
    },
    {
      "module": "module.vpc",
      "mode": "managed",
      "type": "aws_route_table_association",
      "name": "public_two",
      "provider": "provider[\"registry.terraform.io/hashicorp/aws\"]",
      "instances": [
        {
          "schema_version": 0,
          "attributes": {
            "gateway_id": null,
            "id": "rtbassoc-098de0e50d3723783",
            "route_table_id": "rtb-021c64ed629e0f271",
            "subnet_id": "subnet-05d1ebef75dfeed7f"
          },
          "sensitive_attributes": [],
          "private": "bnVsbA==",
          "dependencies": [
            "module.vpc.aws_route_table.public",
            "module.vpc.aws_subnet.public_two",
            "module.vpc.aws_vpc.this",
            "module.vpc.aws_vpc_dhcp_options.dns_resolve",
            "module.vpc.aws_vpc_dhcp_options_association.dns_resolve"
          ]
        }
      ]
    },
    {
      "module": "module.vpc",
      "mode": "managed",
      "type": "aws_security_group",
      "name": "private_http_anywhere",
      "provider": "provider[\"registry.terraform.io/hashicorp/aws\"]",
      "instances": [
        {
          "schema_version": 1,
          "attributes": {
            "arn": "arn:aws:ec2:us-east-2:042236406240:security-group/sg-0b3debecb6725aae0",
            "description": "Allows ALB to access the EC2 instances",
            "egress": [
              {
                "cidr_blocks": [
                  "10.0.3.0/24",
                  "10.0.4.0/24"
                ],
                "description": "",
                "from_port": 0,
                "ipv6_cidr_blocks": [],
                "prefix_list_ids": [],
                "protocol": "-1",
                "security_groups": [],
                "self": false,
                "to_port": 0
              }
            ],
            "id": "sg-0b3debecb6725aae0",
            "ingress": [
              {
                "cidr_blocks": [
                  "10.0.3.0/24",
                  "10.0.4.0/24"
                ],
                "description": "HTTP from VPC",
                "from_port": 80,
                "ipv6_cidr_blocks": [],
                "prefix_list_ids": [],
                "protocol": "tcp",
                "security_groups": [],
                "self": false,
                "to_port": 80
              }
            ],
            "name": "ThreeTier-p003-private-allow_http_anywhere",
            "name_prefix": "",
            "owner_id": "042236406240",
            "revoke_rules_on_delete": false,
            "tags": {
              "Name": "ThreeTier-p003-testing-private-allow_http"
            },
            "timeouts": null,
            "vpc_id": "vpc-0243fd2107537ef89"
          },
          "sensitive_attributes": [],
          "private": "eyJlMmJmYjczMC1lY2FhLTExZTYtOGY4OC0zNDM2M2JjN2M0YzAiOnsiY3JlYXRlIjo2MDAwMDAwMDAwMDAsImRlbGV0ZSI6NjAwMDAwMDAwMDAwfSwic2NoZW1hX3ZlcnNpb24iOiIxIn0=",
          "dependencies": [
            "module.vpc.aws_vpc.this"
          ],
          "create_before_destroy": true
        }
      ]
    },
    {
      "module": "module.vpc",
      "mode": "managed",
      "type": "aws_security_group",
      "name": "private_ssh_anywhere",
      "provider": "provider[\"registry.terraform.io/hashicorp/aws\"]",
      "instances": [
        {
          "schema_version": 1,
          "attributes": {
            "arn": "arn:aws:ec2:us-east-2:042236406240:security-group/sg-0e324aef0636215fd",
            "description": "Allow SSH inbound traffic inter private",
            "egress": [
              {
                "cidr_blocks": [
                  "10.0.3.0/24",
                  "10.0.4.0/24"
                ],
                "description": "",
                "from_port": 0,
                "ipv6_cidr_blocks": [],
                "prefix_list_ids": [],
                "protocol": "-1",
                "security_groups": [],
                "self": false,
                "to_port": 0
              }
            ],
            "id": "sg-0e324aef0636215fd",
            "ingress": [
              {
                "cidr_blocks": [
                  "10.0.3.0/24",
                  "10.0.4.0/24"
                ],
                "description": "SSH from VPC",
                "from_port": 22,
                "ipv6_cidr_blocks": [],
                "prefix_list_ids": [],
                "protocol": "tcp",
                "security_groups": [],
                "self": false,
                "to_port": 22
              }
            ],
            "name": "ThreeTier-p003-private-allow_ssh_anywhere",
            "name_prefix": "",
            "owner_id": "042236406240",
            "revoke_rules_on_delete": false,
            "tags": {
              "Name": "ThreeTier-p003-testing-private-allow_ssh"
            },
            "timeouts": null,
            "vpc_id": "vpc-0243fd2107537ef89"
          },
          "sensitive_attributes": [],
          "private": "eyJlMmJmYjczMC1lY2FhLTExZTYtOGY4OC0zNDM2M2JjN2M0YzAiOnsiY3JlYXRlIjo2MDAwMDAwMDAwMDAsImRlbGV0ZSI6NjAwMDAwMDAwMDAwfSwic2NoZW1hX3ZlcnNpb24iOiIxIn0=",
          "dependencies": [
            "module.vpc.aws_vpc.this"
          ],
          "create_before_destroy": true
        }
      ]
    },
    {
      "module": "module.vpc",
      "mode": "managed",
      "type": "aws_security_group",
      "name": "public_http_anywhere",
      "provider": "provider[\"registry.terraform.io/hashicorp/aws\"]",
      "instances": [
        {
          "schema_version": 1,
          "attributes": {
            "arn": "arn:aws:ec2:us-east-2:042236406240:security-group/sg-04d00be9dc87329ba",
            "description": "Allow HTTP inbound traffic in group public",
            "egress": [
              {
                "cidr_blocks": [
                  "0.0.0.0/0"
                ],
                "description": "",
                "from_port": 0,
                "ipv6_cidr_blocks": [],
                "prefix_list_ids": [],
                "protocol": "-1",
                "security_groups": [],
                "self": false,
                "to_port": 0
              }
            ],
            "id": "sg-04d00be9dc87329ba",
            "ingress": [
              {
                "cidr_blocks": [
                  "0.0.0.0/0"
                ],
                "description": "HTTP from VPC",
                "from_port": 80,
                "ipv6_cidr_blocks": [],
                "prefix_list_ids": [],
                "protocol": "tcp",
                "security_groups": [],
                "self": false,
                "to_port": 80
              }
            ],
            "name": "ThreeTier-p003-public-allow_http_anywhere",
            "name_prefix": "",
            "owner_id": "042236406240",
            "revoke_rules_on_delete": false,
            "tags": {
              "Name": "ThreeTier-p003-testing-public-allow_http"
            },
            "timeouts": null,
            "vpc_id": "vpc-0243fd2107537ef89"
          },
          "sensitive_attributes": [],
          "private": "eyJlMmJmYjczMC1lY2FhLTExZTYtOGY4OC0zNDM2M2JjN2M0YzAiOnsiY3JlYXRlIjo2MDAwMDAwMDAwMDAsImRlbGV0ZSI6NjAwMDAwMDAwMDAwfSwic2NoZW1hX3ZlcnNpb24iOiIxIn0=",
          "dependencies": [
            "module.vpc.aws_vpc.this"
          ]
        }
      ]
    },
    {
      "module": "module.vpc",
      "mode": "managed",
      "type": "aws_security_group",
      "name": "public_ssh_anywhere",
      "provider": "provider[\"registry.terraform.io/hashicorp/aws\"]",
      "instances": [
        {
          "schema_version": 1,
          "attributes": {
            "arn": "arn:aws:ec2:us-east-2:042236406240:security-group/sg-05f3849bde4728c37",
            "description": "Allow SSH inbound traffic from public",
            "egress": [
              {
                "cidr_blocks": [
                  "0.0.0.0/0"
                ],
                "description": "",
                "from_port": 0,
                "ipv6_cidr_blocks": [],
                "prefix_list_ids": [],
                "protocol": "-1",
                "security_groups": [],
                "self": false,
                "to_port": 0
              }
            ],
            "id": "sg-05f3849bde4728c37",
            "ingress": [
              {
                "cidr_blocks": [
                  "0.0.0.0/0"
                ],
                "description": "SSH from VPC",
                "from_port": 22,
                "ipv6_cidr_blocks": [],
                "prefix_list_ids": [],
                "protocol": "tcp",
                "security_groups": [],
                "self": false,
                "to_port": 22
              }
            ],
            "name": "ThreeTier-p003-public_ssh_anywhere",
            "name_prefix": "",
            "owner_id": "042236406240",
            "revoke_rules_on_delete": false,
            "tags": {
              "Name": "ThreeTier-p003-testing-public-allow_ssh"
            },
            "timeouts": null,
            "vpc_id": "vpc-0243fd2107537ef89"
          },
          "sensitive_attributes": [],
          "private": "eyJlMmJmYjczMC1lY2FhLTExZTYtOGY4OC0zNDM2M2JjN2M0YzAiOnsiY3JlYXRlIjo2MDAwMDAwMDAwMDAsImRlbGV0ZSI6NjAwMDAwMDAwMDAwfSwic2NoZW1hX3ZlcnNpb24iOiIxIn0=",
          "dependencies": [
            "module.vpc.aws_vpc.this"
          ]
        }
      ]
    },
    {
      "module": "module.vpc",
      "mode": "managed",
      "type": "aws_subnet",
      "name": "private_one",
      "provider": "provider[\"registry.terraform.io/hashicorp/aws\"]",
      "instances": [
        {
          "schema_version": 1,
          "attributes": {
            "arn": "arn:aws:ec2:us-east-2:042236406240:subnet/subnet-0f780596eae33dbfa",
            "assign_ipv6_address_on_creation": false,
            "availability_zone": "us-east-2a",
            "availability_zone_id": "use2-az1",
            "cidr_block": "10.0.3.0/24",
            "customer_owned_ipv4_pool": "",
            "id": "subnet-0f780596eae33dbfa",
            "ipv6_cidr_block": "",
            "ipv6_cidr_block_association_id": "",
            "map_customer_owned_ip_on_launch": false,
            "map_public_ip_on_launch": false,
            "outpost_arn": "",
            "owner_id": "042236406240",
            "tags": {
              "Name": "ThreeTier-p003-testing-one-private-subnet"
            },
            "timeouts": null,
            "vpc_id": "vpc-0243fd2107537ef89"
          },
          "sensitive_attributes": [],
          "private": "eyJlMmJmYjczMC1lY2FhLTExZTYtOGY4OC0zNDM2M2JjN2M0YzAiOnsiY3JlYXRlIjo2MDAwMDAwMDAwMDAsImRlbGV0ZSI6MTIwMDAwMDAwMDAwMH0sInNjaGVtYV92ZXJzaW9uIjoiMSJ9",
          "dependencies": [
            "module.vpc.aws_vpc.this",
            "module.vpc.aws_vpc_dhcp_options.dns_resolve",
            "module.vpc.aws_vpc_dhcp_options_association.dns_resolve"
          ]
        }
      ]
    },
    {
      "module": "module.vpc",
      "mode": "managed",
      "type": "aws_subnet",
      "name": "private_two",
      "provider": "provider[\"registry.terraform.io/hashicorp/aws\"]",
      "instances": [
        {
          "schema_version": 1,
          "attributes": {
            "arn": "arn:aws:ec2:us-east-2:042236406240:subnet/subnet-084223ecc28fd60b7",
            "assign_ipv6_address_on_creation": false,
            "availability_zone": "us-east-2b",
            "availability_zone_id": "use2-az2",
            "cidr_block": "10.0.4.0/24",
            "customer_owned_ipv4_pool": "",
            "id": "subnet-084223ecc28fd60b7",
            "ipv6_cidr_block": "",
            "ipv6_cidr_block_association_id": "",
            "map_customer_owned_ip_on_launch": false,
            "map_public_ip_on_launch": false,
            "outpost_arn": "",
            "owner_id": "042236406240",
            "tags": {
              "Name": "ThreeTier-p003-testing-two-private-subnet"
            },
            "timeouts": null,
            "vpc_id": "vpc-0243fd2107537ef89"
          },
          "sensitive_attributes": [],
          "private": "eyJlMmJmYjczMC1lY2FhLTExZTYtOGY4OC0zNDM2M2JjN2M0YzAiOnsiY3JlYXRlIjo2MDAwMDAwMDAwMDAsImRlbGV0ZSI6MTIwMDAwMDAwMDAwMH0sInNjaGVtYV92ZXJzaW9uIjoiMSJ9",
          "dependencies": [
            "module.vpc.aws_vpc.this",
            "module.vpc.aws_vpc_dhcp_options.dns_resolve",
            "module.vpc.aws_vpc_dhcp_options_association.dns_resolve"
          ]
        }
      ]
    },
    {
      "module": "module.vpc",
      "mode": "managed",
      "type": "aws_subnet",
      "name": "public_one",
      "provider": "provider[\"registry.terraform.io/hashicorp/aws\"]",
      "instances": [
        {
          "schema_version": 1,
          "attributes": {
            "arn": "arn:aws:ec2:us-east-2:042236406240:subnet/subnet-02c9486336affd028",
            "assign_ipv6_address_on_creation": false,
            "availability_zone": "us-east-2a",
            "availability_zone_id": "use2-az1",
            "cidr_block": "10.0.1.0/24",
            "customer_owned_ipv4_pool": "",
            "id": "subnet-02c9486336affd028",
            "ipv6_cidr_block": "",
            "ipv6_cidr_block_association_id": "",
            "map_customer_owned_ip_on_launch": false,
            "map_public_ip_on_launch": false,
            "outpost_arn": "",
            "owner_id": "042236406240",
            "tags": {
              "Name": "ThreeTier-p003-testing-one-public-subnet"
            },
            "timeouts": null,
            "vpc_id": "vpc-0243fd2107537ef89"
          },
          "sensitive_attributes": [],
          "private": "eyJlMmJmYjczMC1lY2FhLTExZTYtOGY4OC0zNDM2M2JjN2M0YzAiOnsiY3JlYXRlIjo2MDAwMDAwMDAwMDAsImRlbGV0ZSI6MTIwMDAwMDAwMDAwMH0sInNjaGVtYV92ZXJzaW9uIjoiMSJ9",
          "dependencies": [
            "module.vpc.aws_vpc.this",
            "module.vpc.aws_vpc_dhcp_options.dns_resolve",
            "module.vpc.aws_vpc_dhcp_options_association.dns_resolve"
          ]
        }
      ]
    },
    {
      "module": "module.vpc",
      "mode": "managed",
      "type": "aws_subnet",
      "name": "public_two",
      "provider": "provider[\"registry.terraform.io/hashicorp/aws\"]",
      "instances": [
        {
          "schema_version": 1,
          "attributes": {
            "arn": "arn:aws:ec2:us-east-2:042236406240:subnet/subnet-05d1ebef75dfeed7f",
            "assign_ipv6_address_on_creation": false,
            "availability_zone": "us-east-2b",
            "availability_zone_id": "use2-az2",
            "cidr_block": "10.0.2.0/24",
            "customer_owned_ipv4_pool": "",
            "id": "subnet-05d1ebef75dfeed7f",
            "ipv6_cidr_block": "",
            "ipv6_cidr_block_association_id": "",
            "map_customer_owned_ip_on_launch": false,
            "map_public_ip_on_launch": false,
            "outpost_arn": "",
            "owner_id": "042236406240",
            "tags": {
              "Name": "ThreeTier-p003-testing-two-public-subnet"
            },
            "timeouts": null,
            "vpc_id": "vpc-0243fd2107537ef89"
          },
          "sensitive_attributes": [],
          "private": "eyJlMmJmYjczMC1lY2FhLTExZTYtOGY4OC0zNDM2M2JjN2M0YzAiOnsiY3JlYXRlIjo2MDAwMDAwMDAwMDAsImRlbGV0ZSI6MTIwMDAwMDAwMDAwMH0sInNjaGVtYV92ZXJzaW9uIjoiMSJ9",
          "dependencies": [
            "module.vpc.aws_vpc.this",
            "module.vpc.aws_vpc_dhcp_options.dns_resolve",
            "module.vpc.aws_vpc_dhcp_options_association.dns_resolve"
          ]
        }
      ]
    },
    {
      "module": "module.vpc",
      "mode": "managed",
      "type": "aws_vpc",
      "name": "this",
      "provider": "provider[\"registry.terraform.io/hashicorp/aws\"]",
      "instances": [
        {
          "schema_version": 1,
          "attributes": {
            "arn": "arn:aws:ec2:us-east-2:042236406240:vpc/vpc-0243fd2107537ef89",
            "assign_generated_ipv6_cidr_block": false,
            "cidr_block": "10.0.0.0/16",
            "default_network_acl_id": "acl-0772e358582f90a32",
            "default_route_table_id": "rtb-0449e62b7805212f0",
            "default_security_group_id": "sg-00c779712422ec53c",
            "dhcp_options_id": "dopt-0c8e88acc2eec8b20",
            "enable_classiclink": null,
            "enable_classiclink_dns_support": null,
            "enable_dns_hostnames": true,
            "enable_dns_support": true,
            "id": "vpc-0243fd2107537ef89",
            "instance_tenancy": "default",
            "ipv6_association_id": "",
            "ipv6_cidr_block": "",
            "main_route_table_id": "rtb-0449e62b7805212f0",
            "owner_id": "042236406240",
            "tags": {
              "Environment": "testing",
              "Name": "ThreeTier-p003-testing-vpc"
            }
          },
          "sensitive_attributes": [],
          "private": "eyJzY2hlbWFfdmVyc2lvbiI6IjEifQ=="
        }
      ]
    },
    {
      "module": "module.vpc",
      "mode": "managed",
      "type": "aws_vpc_dhcp_options",
      "name": "dns_resolve",
      "provider": "provider[\"registry.terraform.io/hashicorp/aws\"]",
      "instances": [
        {
          "schema_version": 0,
          "attributes": {
            "arn": "arn:aws:ec2:us-east-2:042236406240:dhcp-options/dopt-0c8e88acc2eec8b20",
            "domain_name": null,
            "domain_name_servers": [
              "8.8.8.8",
              "8.8.4.4"
            ],
            "id": "dopt-0c8e88acc2eec8b20",
            "netbios_name_servers": null,
            "netbios_node_type": null,
            "ntp_servers": null,
            "owner_id": "042236406240",
            "tags": {}
          },
          "sensitive_attributes": [],
          "private": "bnVsbA=="
        }
      ]
    },
    {
      "module": "module.vpc",
      "mode": "managed",
      "type": "aws_vpc_dhcp_options_association",
      "name": "dns_resolve",
      "provider": "provider[\"registry.terraform.io/hashicorp/aws\"]",
      "instances": [
        {
          "schema_version": 0,
          "attributes": {
            "dhcp_options_id": "dopt-0c8e88acc2eec8b20",
            "id": "dopt-0c8e88acc2eec8b20-vpc-0243fd2107537ef89",
            "vpc_id": "vpc-0243fd2107537ef89"
          },
          "sensitive_attributes": [],
          "private": "bnVsbA==",
          "dependencies": [
            "module.vpc.aws_vpc.this",
            "module.vpc.aws_vpc_dhcp_options.dns_resolve"
          ]
        }
      ]
    }
  ]
}
